
Microsoft Visual Studio Solution File, Format Version 12.00
# Visual Studio 15
Project("{FAE04EC0-301F-11D3-BF4B-00C04F79EFBC}") = "DocumentMerger2", "DocumentMerger2\DocumentMerger2.csproj", "{F6476F7E-72A5-49CF-AE9C-B7892004C386}"
EndProject
Global
	GlobalSection(SolutionConfigurationPlatforms) = preSolution
		Debug|Any CPU = Debug|Any CPU
		Release|Any CPU = Release|Any CPU
	EndGlobalSection
	GlobalSection(ProjectConfigurationPlatforms) = postSolution
		{F6476F7E-72A5-49CF-AE9C-B7892004C386}.Debug|Any CPU.ActiveCfg = Debug|Any CPU
		{F6476F7E-72A5-49CF-AE9C-B7892004C386}.Debug|Any CPU.Build.0 = Debug|Any CPU
		{F6476F7E-72A5-49CF-AE9C-B7892004C386}.Release|Any CPU.ActiveCfg = Release|Any CPU
		{F6476F7E-72A5-49CF-AE9C-B7892004C386}.Release|Any CPU.Build.0 = Release|Any CPU
	EndGlobalSection
EndGlobal
